
Microsoft Visual Studio Solution File, Format Version 12.00
# Visual Studio Version 17
VisualStudioVersion = 17.3.32811.315
MinimumVisualStudioVersion = 10.0.40219.1
Project("{9A19103F-16F7-4668-BE54-9A1E7A4F7556}") = "Entities", "Entities\Entities.csproj", "{555B36C8-E57A-4F4D-8E80-F0BC876CEF1D}"
EndProject
Project("{9A19103F-16F7-4668-BE54-9A1E7A4F7556}") = "DataAccess", "DataAccess\DataAccess.csproj", "{375ADFCE-A7EE-4DE2-91D3-269BD5507016}"
EndProject
Project("{9A19103F-16F7-4668-BE54-9A1E7A4F7556}") = "Business", "Business\Business.csproj", "{D4DB7E1F-1739-48CA-A782-6BF33EBAE3C5}"
EndProject
Project("{9A19103F-16F7-4668-BE54-9A1E7A4F7556}") = "ConsoleUI", "ConsoleUI\ConsoleUI.csproj", "{3CD38DD7-D7C0-4B3E-9E86-E75E7D8242C5}"
EndProject
Project("{9A19103F-16F7-4668-BE54-9A1E7A4F7556}") = "Core", "Core\Core.csproj", "{B17553C5-B499-4CFE-AEB6-489325668253}"
EndProject
Project("{FAE04EC0-301F-11D3-BF4B-00C04F79EFBC}") = "WebAPI", "WebAPI\WebAPI.csproj", "{4E39092E-346A-47C6-9B3B-77C94829034C}"
EndProject
Global
	GlobalSection(SolutionConfigurationPlatforms) = preSolution
		Debug|Any CPU = Debug|Any CPU
		Release|Any CPU = Release|Any CPU
	EndGlobalSection
	GlobalSection(ProjectConfigurationPlatforms) = postSolution
		{555B36C8-E57A-4F4D-8E80-F0BC876CEF1D}.Debug|Any CPU.ActiveCfg = Debug|Any CPU
		{555B36C8-E57A-4F4D-8E80-F0BC876CEF1D}.Debug|Any CPU.Build.0 = Debug|Any CPU
		{555B36C8-E57A-4F4D-8E80-F0BC876CEF1D}.Release|Any CPU.ActiveCfg = Release|Any CPU
		{555B36C8-E57A-4F4D-8E80-F0BC876CEF1D}.Release|Any CPU.Build.0 = Release|Any CPU
		{375ADFCE-A7EE-4DE2-91D3-269BD5507016}.Debug|Any CPU.ActiveCfg = Debug|Any CPU
		{375ADFCE-A7EE-4DE2-91D3-269BD5507016}.Debug|Any CPU.Build.0 = Debug|Any CPU
		{375ADFCE-A7EE-4DE2-91D3-269BD5507016}.Release|Any CPU.ActiveCfg = Release|Any CPU
		{375ADFCE-A7EE-4DE2-91D3-269BD5507016}.Release|Any CPU.Build.0 = Release|Any CPU
		{D4DB7E1F-1739-48CA-A782-6BF33EBAE3C5}.Debug|Any CPU.ActiveCfg = Debug|Any CPU
		{D4DB7E1F-1739-48CA-A782-6BF33EBAE3C5}.Debug|Any CPU.Build.0 = Debug|Any CPU
		{D4DB7E1F-1739-48CA-A782-6BF33EBAE3C5}.Release|Any CPU.ActiveCfg = Release|Any CPU
		{D4DB7E1F-1739-48CA-A782-6BF33EBAE3C5}.Release|Any CPU.Build.0 = Release|Any CPU
		{3CD38DD7-D7C0-4B3E-9E86-E75E7D8242C5}.Debug|Any CPU.ActiveCfg = Debug|Any CPU
		{3CD38DD7-D7C0-4B3E-9E86-E75E7D8242C5}.Debug|Any CPU.Build.0 = Debug|Any CPU
		{3CD38DD7-D7C0-4B3E-9E86-E75E7D8242C5}.Release|Any CPU.ActiveCfg = Release|Any CPU
		{3CD38DD7-D7C0-4B3E-9E86-E75E7D8242C5}.Release|Any CPU.Build.0 = Release|Any CPU
		{B17553C5-B499-4CFE-AEB6-489325668253}.Debug|Any CPU.ActiveCfg = Debug|Any CPU
		{B17553C5-B499-4CFE-AEB6-489325668253}.Debug|Any CPU.Build.0 = Debug|Any CPU
		{B17553C5-B499-4CFE-AEB6-489325668253}.Release|Any CPU.ActiveCfg = Release|Any CPU
		{B17553C5-B499-4CFE-AEB6-489325668253}.Release|Any CPU.Build.0 = Release|Any CPU
		{4E39092E-346A-47C6-9B3B-77C94829034C}.Debug|Any CPU.ActiveCfg = Debug|Any CPU
		{4E39092E-346A-47C6-9B3B-77C94829034C}.Debug|Any CPU.Build.0 = Debug|Any CPU
		{4E39092E-346A-47C6-9B3B-77C94829034C}.Release|Any CPU.ActiveCfg = Release|Any CPU
		{4E39092E-346A-47C6-9B3B-77C94829034C}.Release|Any CPU.Build.0 = Release|Any CPU
	EndGlobalSection
	GlobalSection(SolutionProperties) = preSolution
		HideSolutionNode = FALSE
	EndGlobalSection
	GlobalSection(ExtensibilityGlobals) = postSolution
		SolutionGuid = {5DB85B89-B8C6-46D9-A689-CC1F67BFCB07}
	EndGlobalSection
EndGlobal
